
Microsoft Visual Studio Solution File, Format Version 12.00
# Visual Studio Version 17
VisualStudioVersion = 17.13.35919.96 d17.13
MinimumVisualStudioVersion = 10.0.40219.1
Project("{FAE04EC0-301F-11D3-BF4B-00C04F79EFBC}") = "DoLoopHW", "DoLoopHW\DoLoopHW.csproj", "{ED4457AE-116A-4AEC-BA9D-0720769A82F3}"
EndProject
Global
	GlobalSection(SolutionConfigurationPlatforms) = preSolution
		Debug|Any CPU = Debug|Any CPU
		Release|Any CPU = Release|Any CPU
	EndGlobalSection
	GlobalSection(ProjectConfigurationPlatforms) = postSolution
		{ED4457AE-116A-4AEC-BA9D-0720769A82F3}.Debug|Any CPU.ActiveCfg = Debug|Any CPU
		{ED4457AE-116A-4AEC-BA9D-0720769A82F3}.Debug|Any CPU.Build.0 = Debug|Any CPU
		{ED4457AE-116A-4AEC-BA9D-0720769A82F3}.Release|Any CPU.ActiveCfg = Release|Any CPU
		{ED4457AE-116A-4AEC-BA9D-0720769A82F3}.Release|Any CPU.Build.0 = Release|Any CPU
	EndGlobalSection
	GlobalSection(SolutionProperties) = preSolution
		HideSolutionNode = FALSE
	EndGlobalSection
	GlobalSection(ExtensibilityGlobals) = postSolution
		SolutionGuid = {7BC0CA65-A4A0-4A83-AB86-91B3DAEC0641}
	EndGlobalSection
EndGlobal
